# component|revision|path|repository
# The coupler is built from the parent vic-mf6 checkout.  Only external model
# sources are submodules here, so one clone has one authoritative coupler tree.
vic|e7bee51c6856d8b7a23dfe8613867ed90f177b5e|components/vic|https://github.com/HydroCSLab/VIC.git
modflow6|073c4a37c5bb0d81e966474964e678b859829723|components/modflow6|https://github.com/HydroCSLab/modflow6.git
